
Microsoft Visual Studio Solution File, Format Version 12.00
# Visual Studio Version 17
VisualStudioVersion = 17.5.33530.505
MinimumVisualStudioVersion = 10.0.40219.1
Project("{FAE04EC0-301F-11D3-BF4B-00C04F79EFBC}") = "ControleBarAP.ConsoleApp", "ControleBarAP.ConsoleApp\ControleBarAP.ConsoleApp.csproj", "{3AB51141-A018-4DDF-86CE-8A8C9EBBCBD7}"
EndProject
Global
	GlobalSection(SolutionConfigurationPlatforms) = preSolution
		Debug|Any CPU = Debug|Any CPU
		Release|Any CPU = Release|Any CPU
	EndGlobalSection
	GlobalSection(ProjectConfigurationPlatforms) = postSolution
		{3AB51141-A018-4DDF-86CE-8A8C9EBBCBD7}.Debug|Any CPU.ActiveCfg = Debug|Any CPU
		{3AB51141-A018-4DDF-86CE-8A8C9EBBCBD7}.Debug|Any CPU.Build.0 = Debug|Any CPU
		{3AB51141-A018-4DDF-86CE-8A8C9EBBCBD7}.Release|Any CPU.ActiveCfg = Release|Any CPU
		{3AB51141-A018-4DDF-86CE-8A8C9EBBCBD7}.Release|Any CPU.Build.0 = Release|Any CPU
	EndGlobalSection
	GlobalSection(SolutionProperties) = preSolution
		HideSolutionNode = FALSE
	EndGlobalSection
	GlobalSection(ExtensibilityGlobals) = postSolution
		SolutionGuid = {843E2363-4244-4775-8417-D159C49FAD51}
	EndGlobalSection
EndGlobal
